{
  "version": 4,
  "terraform_version": "1.6.6",
  "serial": 30,
  "lineage": "95bc445d-1f1e-9d54-b241-19f210b5c6a4",
  "outputs": {},
  "resources": [
    {
      "mode": "managed",
      "type": "azurerm_policy_definition",
      "name": "example",
      "provider": "provider[\"registry.terraform.io/hashicorp/azurerm\"]",
      "instances": [
        {
          "schema_version": 0,
          "attributes": {
            "description": "",
            "display_name": "my-policy-definition",
            "id": "/subscriptions/03a43455-38a8-436c-8688-5748feeeb421/providers/Microsoft.Authorization/policyDefinitions/enforce-no-public-access",
            "management_group_id": "",
            "metadata": "{\"createdBy\":\"03dc2781-17d8-4d8d-a8e2-1196f11de51c\",\"createdOn\":\"2024-01-12T17:33:12.6032139Z\",\"updatedBy\":null,\"updatedOn\":null}",
            "mode": "All",
            "name": "enforce-no-public-access",
            "parameters": "",
            "policy_rule": "{\"if\":{\"allOf\":[{\"equals\":\"Microsoft.Storage/storageAccounts\",\"field\":\"type\"},{\"not\":{\"allOf\":[{\"contains\":\"/resourceGroups/aro-\",\"field\":\"id\"},{\"anyOf\":[{\"field\":\"name\",\"like\":\"cluster*\"},{\"field\":\"name\",\"like\":\"imageregistry*\"}]}]}},{\"not\":{\"equals\":\"false\",\"field\":\"Microsoft.Storage/storageAccounts/allowBlobPublicAccess\"}}]},\"then\":{\"effect\":\"Deny\"}}",
            "policy_type": "Custom",
            "role_definition_ids": [],
            "timeouts": null
          },
          "sensitive_attributes": [],
          "private": "eyJlMmJmYjczMC1lY2FhLTExZTYtOGY4OC0zNDM2M2JjN2M0YzAiOnsiY3JlYXRlIjoxODAwMDAwMDAwMDAwLCJkZWxldGUiOjE4MDAwMDAwMDAwMDAsInJlYWQiOjMwMDAwMDAwMDAwMCwidXBkYXRlIjoxODAwMDAwMDAwMDAwfX0="
        }
      ]
    },
    {
      "mode": "managed",
      "type": "azurerm_resource_group",
      "name": "example",
      "provider": "provider[\"registry.terraform.io/hashicorp/azurerm\"]",
      "instances": [
        {
          "schema_version": 0,
          "attributes": {
            "id": "/subscriptions/03a43455-38a8-436c-8688-5748feeeb421/resourceGroups/Storage-Setup-Test",
            "location": "eastus",
            "managed_by": "",
            "name": "Storage-Setup-Test",
            "tags": null,
            "timeouts": null
          },
          "sensitive_attributes": [],
          "private": "eyJlMmJmYjczMC1lY2FhLTExZTYtOGY4OC0zNDM2M2JjN2M0YzAiOnsiY3JlYXRlIjo1NDAwMDAwMDAwMDAwLCJkZWxldGUiOjU0MDAwMDAwMDAwMDAsInJlYWQiOjMwMDAwMDAwMDAwMCwidXBkYXRlIjo1NDAwMDAwMDAwMDAwfX0="
        }
      ]
    },
    {
      "mode": "managed",
      "type": "azurerm_resource_policy_assignment",
      "name": "example",
      "provider": "provider[\"registry.terraform.io/hashicorp/azurerm\"]",
      "instances": [
        {
          "schema_version": 0,
          "attributes": {
            "description": "",
            "display_name": "",
            "enforce": true,
            "id": "/subscriptions/03a43455-38a8-436c-8688-5748feeeb421/resourceGroups/Storage-Setup-Test/providers/Microsoft.Storage/storageAccounts/kyelorstoraccount/providers/Microsoft.Authorization/policyAssignments/enforce-no-public-access",
            "identity": [],
            "location": "",
            "metadata": "{\"createdBy\":\"03dc2781-17d8-4d8d-a8e2-1196f11de51c\",\"createdOn\":\"2024-01-12T17:34:47.7271988Z\",\"updatedBy\":null,\"updatedOn\":null}",
            "name": "enforce-no-public-access",
            "non_compliance_message": [],
            "not_scopes": null,
            "overrides": [],
            "parameters": "",
            "policy_definition_id": "/subscriptions/03a43455-38a8-436c-8688-5748feeeb421/providers/Microsoft.Authorization/policyDefinitions/enforce-no-public-access",
            "resource_id": "/subscriptions/03a43455-38a8-436c-8688-5748feeeb421/resourceGroups/Storage-Setup-Test/providers/Microsoft.Storage/storageAccounts/kyelorstoraccount",
            "resource_selectors": [],
            "timeouts": null
          },
          "sensitive_attributes": [],
          "private": "eyJlMmJmYjczMC1lY2FhLTExZTYtOGY4OC0zNDM2M2JjN2M0YzAiOnsiY3JlYXRlIjoxODAwMDAwMDAwMDAwLCJkZWxldGUiOjE4MDAwMDAwMDAwMDAsInJlYWQiOjMwMDAwMDAwMDAwMCwidXBkYXRlIjoxODAwMDAwMDAwMDAwfX0=",
          "dependencies": [
            "azurerm_policy_definition.example",
            "azurerm_resource_group.example",
            "azurerm_storage_account.example"
          ]
        }
      ]
    },
    {
      "mode": "managed",
      "type": "azurerm_storage_account",
      "name": "example",
      "provider": "provider[\"registry.terraform.io/hashicorp/azurerm\"]",
      "instances": [
        {
          "schema_version": 4,
          "attributes": {
            "access_tier": "Hot",
            "account_kind": "StorageV2",
            "account_replication_type": "LRS",
            "account_tier": "Standard",
            "allow_nested_items_to_be_public": true,
            "allowed_copy_scope": "",
            "azure_files_authentication": [],
            "blob_properties": [
              {
                "change_feed_enabled": false,
                "change_feed_retention_in_days": 0,
                "container_delete_retention_policy": [],
                "cors_rule": [],
                "default_service_version": "",
                "delete_retention_policy": [],
                "last_access_time_enabled": false,
                "restore_policy": [],
                "versioning_enabled": false
              }
            ],
            "cross_tenant_replication_enabled": true,
            "custom_domain": [],
            "customer_managed_key": [],
            "default_to_oauth_authentication": false,
            "edge_zone": "",
            "enable_https_traffic_only": true,
            "id": "/subscriptions/03a43455-38a8-436c-8688-5748feeeb421/resourceGroups/Storage-Setup-Test/providers/Microsoft.Storage/storageAccounts/kyelorstoraccount",
            "identity": [],
            "immutability_policy": [],
            "infrastructure_encryption_enabled": false,
            "is_hns_enabled": false,
            "large_file_share_enabled": null,
            "location": "eastus",
            "min_tls_version": "TLS1_2",
            "name": "kyelorstoraccount",
            "network_rules": [
              {
                "bypass": [
                  "AzureServices"
                ],
                "default_action": "Allow",
                "ip_rules": [],
                "private_link_access": [],
                "virtual_network_subnet_ids": []
              }
            ],
            "nfsv3_enabled": false,
            "primary_access_key": "V85H4sc/9+B3T9G2p4Gf0DlU6rwLot9/X8k4fI6ZEUxMNioM1S6DVtB65Nt3kqZiw1F0yBct95kP+AStrA3Qvw==",
            "primary_blob_connection_string": "DefaultEndpointsProtocol=https;BlobEndpoint=https://kyelorstoraccount.blob.core.windows.net/;AccountName=kyelorstoraccount;AccountKey=V85H4sc/9+B3T9G2p4Gf0DlU6rwLot9/X8k4fI6ZEUxMNioM1S6DVtB65Nt3kqZiw1F0yBct95kP+AStrA3Qvw==",
            "primary_blob_endpoint": "https://kyelorstoraccount.blob.core.windows.net/",
            "primary_blob_host": "kyelorstoraccount.blob.core.windows.net",
            "primary_blob_internet_endpoint": null,
            "primary_blob_internet_host": null,
            "primary_blob_microsoft_endpoint": null,
            "primary_blob_microsoft_host": null,
            "primary_connection_string": "DefaultEndpointsProtocol=https;AccountName=kyelorstoraccount;AccountKey=V85H4sc/9+B3T9G2p4Gf0DlU6rwLot9/X8k4fI6ZEUxMNioM1S6DVtB65Nt3kqZiw1F0yBct95kP+AStrA3Qvw==;EndpointSuffix=core.windows.net",
            "primary_dfs_endpoint": "https://kyelorstoraccount.dfs.core.windows.net/",
            "primary_dfs_host": "kyelorstoraccount.dfs.core.windows.net",
            "primary_dfs_internet_endpoint": null,
            "primary_dfs_internet_host": null,
            "primary_dfs_microsoft_endpoint": null,
            "primary_dfs_microsoft_host": null,
            "primary_file_endpoint": "https://kyelorstoraccount.file.core.windows.net/",
            "primary_file_host": "kyelorstoraccount.file.core.windows.net",
            "primary_file_internet_endpoint": null,
            "primary_file_internet_host": null,
            "primary_file_microsoft_endpoint": null,
            "primary_file_microsoft_host": null,
            "primary_location": "eastus",
            "primary_queue_endpoint": "https://kyelorstoraccount.queue.core.windows.net/",
            "primary_queue_host": "kyelorstoraccount.queue.core.windows.net",
            "primary_queue_microsoft_endpoint": null,
            "primary_queue_microsoft_host": null,
            "primary_table_endpoint": "https://kyelorstoraccount.table.core.windows.net/",
            "primary_table_host": "kyelorstoraccount.table.core.windows.net",
            "primary_table_microsoft_endpoint": null,
            "primary_table_microsoft_host": null,
            "primary_web_endpoint": "https://kyelorstoraccount.z13.web.core.windows.net/",
            "primary_web_host": "kyelorstoraccount.z13.web.core.windows.net",
            "primary_web_internet_endpoint": null,
            "primary_web_internet_host": null,
            "primary_web_microsoft_endpoint": null,
            "primary_web_microsoft_host": null,
            "public_network_access_enabled": true,
            "queue_encryption_key_type": "Service",
            "queue_properties": [
              {
                "cors_rule": [],
                "hour_metrics": [
                  {
                    "enabled": true,
                    "include_apis": true,
                    "retention_policy_days": 7,
                    "version": "1.0"
                  }
                ],
                "logging": [
                  {
                    "delete": false,
                    "read": false,
                    "retention_policy_days": 0,
                    "version": "1.0",
                    "write": false
                  }
                ],
                "minute_metrics": [
                  {
                    "enabled": false,
                    "include_apis": false,
                    "retention_policy_days": 0,
                    "version": "1.0"
                  }
                ]
              }
            ],
            "resource_group_name": "Storage-Setup-Test",
            "routing": [],
            "sas_policy": [],
            "secondary_access_key": "fX/rCrfNocq5lGN4sty1sHoqwGpzUJBFzyvjrCbk5mYmxZFnqY4bs1rK0fs9Mp+UWp/7Kf6/XIqu+ASt+M8cKw==",
            "secondary_blob_connection_string": "",
            "secondary_blob_endpoint": null,
            "secondary_blob_host": null,
            "secondary_blob_internet_endpoint": null,
            "secondary_blob_internet_host": null,
            "secondary_blob_microsoft_endpoint": null,
            "secondary_blob_microsoft_host": null,
            "secondary_connection_string": "DefaultEndpointsProtocol=https;AccountName=kyelorstoraccount;AccountKey=fX/rCrfNocq5lGN4sty1sHoqwGpzUJBFzyvjrCbk5mYmxZFnqY4bs1rK0fs9Mp+UWp/7Kf6/XIqu+ASt+M8cKw==;EndpointSuffix=core.windows.net",
            "secondary_dfs_endpoint": null,
            "secondary_dfs_host": null,
            "secondary_dfs_internet_endpoint": null,
            "secondary_dfs_internet_host": null,
            "secondary_dfs_microsoft_endpoint": null,
            "secondary_dfs_microsoft_host": null,
            "secondary_file_endpoint": null,
            "secondary_file_host": null,
            "secondary_file_internet_endpoint": null,
            "secondary_file_internet_host": null,
            "secondary_file_microsoft_endpoint": null,
            "secondary_file_microsoft_host": null,
            "secondary_location": "",
            "secondary_queue_endpoint": null,
            "secondary_queue_host": null,
            "secondary_queue_microsoft_endpoint": null,
            "secondary_queue_microsoft_host": null,
            "secondary_table_endpoint": null,
            "secondary_table_host": null,
            "secondary_table_microsoft_endpoint": null,
            "secondary_table_microsoft_host": null,
            "secondary_web_endpoint": null,
            "secondary_web_host": null,
            "secondary_web_internet_endpoint": null,
            "secondary_web_internet_host": null,
            "secondary_web_microsoft_endpoint": null,
            "secondary_web_microsoft_host": null,
            "sftp_enabled": false,
            "share_properties": [
              {
                "cors_rule": [],
                "retention_policy": [
                  {
                    "days": 7
                  }
                ],
                "smb": []
              }
            ],
            "shared_access_key_enabled": true,
            "static_website": [],
            "table_encryption_key_type": "Service",
            "tags": {
              "environment": "staging"
            },
            "timeouts": null
          },
          "sensitive_attributes": [],
          "private": "eyJlMmJmYjczMC1lY2FhLTExZTYtOGY4OC0zNDM2M2JjN2M0YzAiOnsiY3JlYXRlIjozNjAwMDAwMDAwMDAwLCJkZWxldGUiOjM2MDAwMDAwMDAwMDAsInJlYWQiOjMwMDAwMDAwMDAwMCwidXBkYXRlIjozNjAwMDAwMDAwMDAwfSwic2NoZW1hX3ZlcnNpb24iOiI0In0=",
          "dependencies": [
            "azurerm_resource_group.example"
          ]
        }
      ]
    },
    {
      "mode": "managed",
      "type": "azurerm_storage_container",
      "name": "example",
      "provider": "provider[\"registry.terraform.io/hashicorp/azurerm\"]",
      "instances": [
        {
          "schema_version": 1,
          "attributes": {
            "container_access_type": "container",
            "has_immutability_policy": false,
            "has_legal_hold": false,
            "id": "https://kyelorstoraccount.blob.core.windows.net/vhds",
            "metadata": {},
            "name": "vhds",
            "resource_manager_id": "/subscriptions/03a43455-38a8-436c-8688-5748feeeb421/resourceGroups/Storage-Setup-Test/providers/Microsoft.Storage/storageAccounts/kyelorstoraccount/blobServices/default/containers/vhds",
            "storage_account_name": "kyelorstoraccount",
            "timeouts": null
          },
          "sensitive_attributes": [],
          "private": "eyJlMmJmYjczMC1lY2FhLTExZTYtOGY4OC0zNDM2M2JjN2M0YzAiOnsiY3JlYXRlIjoxODAwMDAwMDAwMDAwLCJkZWxldGUiOjE4MDAwMDAwMDAwMDAsInJlYWQiOjMwMDAwMDAwMDAwMCwidXBkYXRlIjoxODAwMDAwMDAwMDAwfSwic2NoZW1hX3ZlcnNpb24iOiIxIn0=",
          "dependencies": [
            "azurerm_resource_group.example",
            "azurerm_storage_account.example"
          ]
        }
      ]
    }
  ],
  "check_results": null
}
